
Microsoft Visual Studio Solution File, Format Version 12.00
# Visual Studio Version 17
VisualStudioVersion = 17.7.34024.191
MinimumVisualStudioVersion = 10.0.40219.1
Project("{9A19103F-16F7-4668-BE54-9A1E7A4F7556}") = "EasyConnectLib", "EasyConnectLib\EasyConnectLib.csproj", "{8BDBB89A-BF7E-4A0E-AEA7-D01AD54355EA}"
EndProject
Global
	GlobalSection(SolutionConfigurationPlatforms) = preSolution
		Debug|Any CPU = Debug|Any CPU
		Release|Any CPU = Release|Any CPU
	EndGlobalSection
	GlobalSection(ProjectConfigurationPlatforms) = postSolution
		{8BDBB89A-BF7E-4A0E-AEA7-D01AD54355EA}.Debug|Any CPU.ActiveCfg = Debug|Any CPU
		{8BDBB89A-BF7E-4A0E-AEA7-D01AD54355EA}.Debug|Any CPU.Build.0 = Debug|Any CPU
		{8BDBB89A-BF7E-4A0E-AEA7-D01AD54355EA}.Release|Any CPU.ActiveCfg = Release|Any CPU
		{8BDBB89A-BF7E-4A0E-AEA7-D01AD54355EA}.Release|Any CPU.Build.0 = Release|Any CPU
	EndGlobalSection
	GlobalSection(SolutionProperties) = preSolution
		HideSolutionNode = FALSE
	EndGlobalSection
	GlobalSection(ExtensibilityGlobals) = postSolution
		SolutionGuid = {EF7BA3A6-1F4E-4D82-BDCF-D97F526CB004}
	EndGlobalSection
EndGlobal
